
Microsoft Visual Studio Solution File, Format Version 12.00
# Visual Studio Version 16
VisualStudioVersion = 16.0.29920.165
MinimumVisualStudioVersion = 10.0.40219.1
Project("{FAE04EC0-301F-11D3-BF4B-00C04F79EFBC}") = "Automation.Webs", "Automation.Webs\Automation.Webs.csproj", "{514EEECC-D5F8-4037-9485-8FCC377F873C}"
EndProject
Global
	GlobalSection(SolutionConfigurationPlatforms) = preSolution
		Debug|Any CPU = Debug|Any CPU
		Release|Any CPU = Release|Any CPU
	EndGlobalSection
	GlobalSection(ProjectConfigurationPlatforms) = postSolution
		{514EEECC-D5F8-4037-9485-8FCC377F873C}.Debug|Any CPU.ActiveCfg = Debug|Any CPU
		{514EEECC-D5F8-4037-9485-8FCC377F873C}.Debug|Any CPU.Build.0 = Debug|Any CPU
		{514EEECC-D5F8-4037-9485-8FCC377F873C}.Release|Any CPU.ActiveCfg = Release|Any CPU
		{514EEECC-D5F8-4037-9485-8FCC377F873C}.Release|Any CPU.Build.0 = Release|Any CPU
	EndGlobalSection
	GlobalSection(SolutionProperties) = preSolution
		HideSolutionNode = FALSE
	EndGlobalSection
	GlobalSection(ExtensibilityGlobals) = postSolution
		SolutionGuid = {D3F7E897-9693-449A-9916-967B895D0DD3}
	EndGlobalSection
EndGlobal
